
Microsoft Visual Studio Solution File, Format Version 12.00
# Visual Studio Version 17
VisualStudioVersion = 17.1.32228.430
MinimumVisualStudioVersion = 10.0.40219.1
Project("{9A19103F-16F7-4668-BE54-9A1E7A4F7556}") = "Xabbo.Common", "src\Xabbo.Common\Xabbo.Common.csproj", "{BEE24D07-775B-41DC-AC60-2FA0209436D7}"
EndProject
Project("{2150E333-8FDC-42A3-9474-1A3956D46DE8}") = "Solution Items", "Solution Items", "{3DC91611-15F2-4BDF-ACCD-27E05C2AB493}"
	ProjectSection(SolutionItems) = preProject
		.editorconfig = .editorconfig
	EndProjectSection
EndProject
Project("{9A19103F-16F7-4668-BE54-9A1E7A4F7556}") = "Xabbo.Common.SourceGeneration", "src\Xabbo.Common.SourceGeneration\Xabbo.Common.SourceGeneration.csproj", "{F40903E3-C10A-486B-8674-071E7D0566D3}"
EndProject
Project("{9A19103F-16F7-4668-BE54-9A1E7A4F7556}") = "Xabbo.Common.Tests", "src\Xabbo.Common.Tests\Xabbo.Common.Tests.csproj", "{8276DB2D-BFBB-433E-BA17-73E0828A029F}"
EndProject
Global
	GlobalSection(SolutionConfigurationPlatforms) = preSolution
		Debug|Any CPU = Debug|Any CPU
		Release|Any CPU = Release|Any CPU
	EndGlobalSection
	GlobalSection(ProjectConfigurationPlatforms) = postSolution
		{BEE24D07-775B-41DC-AC60-2FA0209436D7}.Debug|Any CPU.ActiveCfg = Debug|Any CPU
		{BEE24D07-775B-41DC-AC60-2FA0209436D7}.Debug|Any CPU.Build.0 = Debug|Any CPU
		{BEE24D07-775B-41DC-AC60-2FA0209436D7}.Release|Any CPU.ActiveCfg = Release|Any CPU
		{BEE24D07-775B-41DC-AC60-2FA0209436D7}.Release|Any CPU.Build.0 = Release|Any CPU
		{F40903E3-C10A-486B-8674-071E7D0566D3}.Debug|Any CPU.ActiveCfg = Debug|Any CPU
		{F40903E3-C10A-486B-8674-071E7D0566D3}.Debug|Any CPU.Build.0 = Debug|Any CPU
		{F40903E3-C10A-486B-8674-071E7D0566D3}.Release|Any CPU.ActiveCfg = Release|Any CPU
		{F40903E3-C10A-486B-8674-071E7D0566D3}.Release|Any CPU.Build.0 = Release|Any CPU
		{8276DB2D-BFBB-433E-BA17-73E0828A029F}.Debug|Any CPU.ActiveCfg = Debug|Any CPU
		{8276DB2D-BFBB-433E-BA17-73E0828A029F}.Debug|Any CPU.Build.0 = Debug|Any CPU
		{8276DB2D-BFBB-433E-BA17-73E0828A029F}.Release|Any CPU.ActiveCfg = Release|Any CPU
		{8276DB2D-BFBB-433E-BA17-73E0828A029F}.Release|Any CPU.Build.0 = Release|Any CPU
	EndGlobalSection
	GlobalSection(SolutionProperties) = preSolution
		HideSolutionNode = FALSE
	EndGlobalSection
	GlobalSection(ExtensibilityGlobals) = postSolution
		SolutionGuid = {CA26E389-C152-403C-BC83-873CE6E73C43}
	EndGlobalSection
EndGlobal
